
Microsoft Visual Studio Solution File, Format Version 12.00
# Visual Studio Version 17
VisualStudioVersion = 17.7.34202.233
MinimumVisualStudioVersion = 10.0.40219.1
Project("{8BC9CEB8-8B4A-11D0-8D11-00A0C91BC942}") = "TextoDelReves", "TextoDelReves\TextoDelReves.vcxproj", "{7CAF290D-467D-4AFA-86EE-0F6882BEA168}"
EndProject
Global
	GlobalSection(SolutionConfigurationPlatforms) = preSolution
		Debug|x64 = Debug|x64
		Debug|x86 = Debug|x86
		Release|x64 = Release|x64
		Release|x86 = Release|x86
	EndGlobalSection
	GlobalSection(ProjectConfigurationPlatforms) = postSolution
		{7CAF290D-467D-4AFA-86EE-0F6882BEA168}.Debug|x64.ActiveCfg = Debug|x64
		{7CAF290D-467D-4AFA-86EE-0F6882BEA168}.Debug|x64.Build.0 = Debug|x64
		{7CAF290D-467D-4AFA-86EE-0F6882BEA168}.Debug|x86.ActiveCfg = Debug|Win32
		{7CAF290D-467D-4AFA-86EE-0F6882BEA168}.Debug|x86.Build.0 = Debug|Win32
		{7CAF290D-467D-4AFA-86EE-0F6882BEA168}.Release|x64.ActiveCfg = Release|x64
		{7CAF290D-467D-4AFA-86EE-0F6882BEA168}.Release|x64.Build.0 = Release|x64
		{7CAF290D-467D-4AFA-86EE-0F6882BEA168}.Release|x86.ActiveCfg = Release|Win32
		{7CAF290D-467D-4AFA-86EE-0F6882BEA168}.Release|x86.Build.0 = Release|Win32
	EndGlobalSection
	GlobalSection(SolutionProperties) = preSolution
		HideSolutionNode = FALSE
	EndGlobalSection
	GlobalSection(ExtensibilityGlobals) = postSolution
		SolutionGuid = {54330A6F-C66B-4933-937B-FB93ABEDBDEB}
	EndGlobalSection
EndGlobal
